
Microsoft Visual Studio Solution File, Format Version 12.00
# Visual Studio 2013
VisualStudioVersion = 12.0.30324.0
MinimumVisualStudioVersion = 10.0.40219.1
Project("{FAE04EC0-301F-11D3-BF4B-00C04F79EFBC}") = "CardRoll", "CardRoll\CardRoll.csproj", "{5CC52AB3-3A88-434C-8037-24E67E8FD6AF}"
EndProject
Global
	GlobalSection(TeamFoundationVersionControl) = preSolution
		SccNumberOfProjects = 2
		SccEnterpriseProvider = {4CA58AB2-18FA-4F8D-95D4-32DDF27D184C}
		SccTeamFoundationServer = https://traveler.tfspreview.com/defaultcollection
		SccLocalPath0 = .
		SccProjectUniqueName1 = CardRoll\\CardRoll.csproj
		SccProjectName1 = CardRoll
		SccLocalPath1 = CardRoll
	EndGlobalSection
	GlobalSection(SolutionConfigurationPlatforms) = preSolution
		Debug|Any CPU = Debug|Any CPU
		Debug|ARM = Debug|ARM
		Debug|x86 = Debug|x86
		Release|Any CPU = Release|Any CPU
		Release|ARM = Release|ARM
		Release|x86 = Release|x86
	EndGlobalSection
	GlobalSection(ProjectConfigurationPlatforms) = postSolution
		{5CC52AB3-3A88-434C-8037-24E67E8FD6AF}.Debug|Any CPU.ActiveCfg = Debug|Any CPU
		{5CC52AB3-3A88-434C-8037-24E67E8FD6AF}.Debug|Any CPU.Build.0 = Debug|Any CPU
		{5CC52AB3-3A88-434C-8037-24E67E8FD6AF}.Debug|Any CPU.Deploy.0 = Debug|Any CPU
		{5CC52AB3-3A88-434C-8037-24E67E8FD6AF}.Debug|ARM.ActiveCfg = Debug|ARM
		{5CC52AB3-3A88-434C-8037-24E67E8FD6AF}.Debug|ARM.Build.0 = Debug|ARM
		{5CC52AB3-3A88-434C-8037-24E67E8FD6AF}.Debug|ARM.Deploy.0 = Debug|ARM
		{5CC52AB3-3A88-434C-8037-24E67E8FD6AF}.Debug|x86.ActiveCfg = Debug|x86
		{5CC52AB3-3A88-434C-8037-24E67E8FD6AF}.Debug|x86.Build.0 = Debug|x86
		{5CC52AB3-3A88-434C-8037-24E67E8FD6AF}.Debug|x86.Deploy.0 = Debug|x86
		{5CC52AB3-3A88-434C-8037-24E67E8FD6AF}.Release|Any CPU.ActiveCfg = Release|Any CPU
		{5CC52AB3-3A88-434C-8037-24E67E8FD6AF}.Release|Any CPU.Build.0 = Release|Any CPU
		{5CC52AB3-3A88-434C-8037-24E67E8FD6AF}.Release|Any CPU.Deploy.0 = Release|Any CPU
		{5CC52AB3-3A88-434C-8037-24E67E8FD6AF}.Release|ARM.ActiveCfg = Release|ARM
		{5CC52AB3-3A88-434C-8037-24E67E8FD6AF}.Release|ARM.Build.0 = Release|ARM
		{5CC52AB3-3A88-434C-8037-24E67E8FD6AF}.Release|ARM.Deploy.0 = Release|ARM
		{5CC52AB3-3A88-434C-8037-24E67E8FD6AF}.Release|x86.ActiveCfg = Release|x86
		{5CC52AB3-3A88-434C-8037-24E67E8FD6AF}.Release|x86.Build.0 = Release|x86
		{5CC52AB3-3A88-434C-8037-24E67E8FD6AF}.Release|x86.Deploy.0 = Release|x86
	EndGlobalSection
	GlobalSection(SolutionProperties) = preSolution
		HideSolutionNode = FALSE
	EndGlobalSection
EndGlobal
